
Microsoft Visual Studio Solution File, Format Version 12.00
# Visual Studio Version 16
VisualStudioVersion = 16.0.30611.23
MinimumVisualStudioVersion = 10.0.40219.1
Project("{9A19103F-16F7-4668-BE54-9A1E7A4F7556}") = "MaintenanceTimersPlugin", "MaintenanceTimersPlugin.csproj", "{5E69BAD1-827F-4142-B1E3-64637A1AF087}"
EndProject
Project("{2150E333-8FDC-42A3-9474-1A3956D46DE8}") = "Solution Items", "Solution Items", "{9D7950D0-BE81-4A68-B7E5-FB8C3F945C29}"
	ProjectSection(SolutionItems) = preProject
		..\pkg\opt\dsf\plugins\MaintenanceTimers.json = ..\pkg\opt\dsf\plugins\MaintenanceTimers.json
	EndProjectSection
EndProject
Global
	GlobalSection(SolutionConfigurationPlatforms) = preSolution
		Debug|Any CPU = Debug|Any CPU
		Release|Any CPU = Release|Any CPU
	EndGlobalSection
	GlobalSection(ProjectConfigurationPlatforms) = postSolution
		{5E69BAD1-827F-4142-B1E3-64637A1AF087}.Debug|Any CPU.ActiveCfg = Debug|Any CPU
		{5E69BAD1-827F-4142-B1E3-64637A1AF087}.Debug|Any CPU.Build.0 = Debug|Any CPU
		{5E69BAD1-827F-4142-B1E3-64637A1AF087}.Release|Any CPU.ActiveCfg = Release|Any CPU
		{5E69BAD1-827F-4142-B1E3-64637A1AF087}.Release|Any CPU.Build.0 = Release|Any CPU
	EndGlobalSection
	GlobalSection(SolutionProperties) = preSolution
		HideSolutionNode = FALSE
	EndGlobalSection
	GlobalSection(ExtensibilityGlobals) = postSolution
		SolutionGuid = {3C885E2A-4160-426A-83F3-7210900179F8}
	EndGlobalSection
EndGlobal
